// !$*UTF8*$!
{
	archiveVersion = 1;
	classes = {
	};
	objectVersion = 46;
	objects = {

/* Begin PBXBuildFile section */
		8FEEAD5F1D58B34500D585A4 /* AppDelegate.swift in Sources */ = {isa = PBXBuildFile; fileRef = 8FEEAD5E1D58B34500D585A4 /* AppDelegate.swift */; };
		8FEEAD641D58B34500D585A4 /* Main.storyboard in Resources */ = {isa = PBXBuildFile; fileRef = 8FEEAD621D58B34500D585A4 /* Main.storyboard */; };
		8FEEAD671D58B34600D585A4 /* Flashcards.xcdatamodeld in Sources */ = {isa = PBXBuildFile; fileRef = 8FEEAD651D58B34600D585A4 /* Flashcards.xcdatamodeld */; };
		8FEEAD691D58B34600D585A4 /* Assets.xcassets in Resources */ = {isa = PBXBuildFile; fileRef = 8FEEAD681D58B34600D585A4 /* Assets.xcassets */; };
		8FEEAD6C1D58B34600D585A4 /* LaunchScreen.storyboard in Resources */ = {isa = PBXBuildFile; fileRef = 8FEEAD6A1D58B34600D585A4 /* LaunchScreen.storyboard */; };
		8FEEAD771D58B34600D585A4 /* FlashcardsTests.swift in Sources */ = {isa = PBXBuildFile; fileRef = 8FEEAD761D58B34600D585A4 /* FlashcardsTests.swift */; };
		8FEEAD821D58B34600D585A4 /* FlashcardsUITests.swift in Sources */ = {isa = PBXBuildFile; fileRef = 8FEEAD811D58B34600D585A4 /* FlashcardsUITests.swift */; };
		8FEEAD941D58B61100D585A4 /* LoginViewController.swift in Sources */ = {isa = PBXBuildFile; fileRef = 8FEEAD931D58B61100D585A4 /* LoginViewController.swift */; };
/* End PBXBuildFile section */

/* Begin PBXContainerItemProxy section */
		8FEEAD731D58B34600D585A4 /* PBXContainerItemProxy */ = {
			isa = PBXContainerItemProxy;
			containerPortal = 8FEEAD531D58B34500D585A4 /* Project object */;
			proxyType = 1;
			remoteGlobalIDString = 8FEEAD5A1D58B34500D585A4;
			remoteInfo = Flashcards;
		};
		8FEEAD7E1D58B34600D585A4 /* PBXContainerItemProxy */ = {
			isa = PBXContainerItemProxy;
			containerPortal = 8FEEAD531D58B34500D585A4 /* Project object */;
			proxyType = 1;
			remoteGlobalIDString = 8FEEAD5A1D58B34500D585A4;
			remoteInfo = Flashcards;
		};
/* End PBXContainerItemProxy section */

/* Begin PBXFileReference section */
		8FEEAD5B1D58B34500D585A4 /* Flashcards.app */ = {isa = PBXFileReference; explicitFileType = wrapper.application; includeInIndex = 0; path = Flashcards.app; sourceTree = BUILT_PRODUCTS_DIR; };
		8FEEAD5E1D58B34500D585A4 /* AppDelegate.swift */ = {isa = PBXFileReference; lastKnownFileType = sourcecode.swift; path = AppDelegate.swift; sourceTree = "<group>"; };
		8FEEAD631D58B34500D585A4 /* Base */ = {isa = PBXFileReference; lastKnownFileType = file.storyboard; name = Base; path = Base.lproj/Main.storyboard; sourceTree = "<group>"; };
		8FEEAD661D58B34600D585A4 /* Flashcards.xcdatamodel */ = {isa = PBXFileReference; lastKnownFileType = wrapper.xcdatamodel; path = Flashcards.xcdatamodel; sourceTree = "<group>"; };
		8FEEAD681D58B34600D585A4 /* Assets.xcassets */ = {isa = PBXFileReference; lastKnownFileType = folder.assetcatalog; path = Assets.xcassets; sourceTree = "<group>"; };
		8FEEAD6B1D58B34600D585A4 /* Base */ = {isa = PBXFileReference; lastKnownFileType = file.storyboard; name = Base; path = Base.lproj/LaunchScreen.storyboard; sourceTree = "<group>"; };
		8FEEAD6D1D58B34600D585A4 /* Info.plist */ = {isa = PBXFileReference; lastKnownFileType = text.plist.xml; path = Info.plist; sourceTree = "<group>"; };
		8FEEAD721D58B34600D585A4 /* FlashcardsTests.xctest */ = {isa = PBXFileReference; explicitFileType = wrapper.cfbundle; includeInIndex = 0; path = FlashcardsTests.xctest; sourceTree = BUILT_PRODUCTS_DIR; };
		8FEEAD761D58B34600D585A4 /* FlashcardsTests.swift */ = {isa = PBXFileReference; lastKnownFileType = sourcecode.swift; path = FlashcardsTests.swift; sourceTree = "<group>"; };
		8FEEAD781D58B34600D585A4 /* Info.plist */ = {isa = PBXFileReference; lastKnownFileType = text.plist.xml; path = Info.plist; sourceTree = "<group>"; };
		8FEEAD7D1D58B34600D585A4 /* FlashcardsUITests.xctest */ = {isa = PBXFileReference; explicitFileType = wrapper.cfbundle; includeInIndex = 0; path = FlashcardsUITests.xctest; sourceTree = BUILT_PRODUCTS_DIR; };
		8FEEAD811D58B34600D585A4 /* FlashcardsUITests.swift */ = {isa = PBXFileReference; lastKnownFileType = sourcecode.swift; path = FlashcardsUITests.swift; sourceTree = "<group>"; };
		8FEEAD831D58B34600D585A4 /* Info.plist */ = {isa = PBXFileReference; lastKnownFileType = text.plist.xml; path = Info.plist; sourceTree = "<group>"; };
		8FEEAD931D58B61100D585A4 /* LoginViewController.swift */ = {isa = PBXFileReference; fileEncoding = 4; lastKnownFileType = sourcecode.swift; path = LoginViewController.swift; sourceTree = "<group>"; };
/* End PBXFileReference section */

/* Begin PBXFrameworksBuildPhase section */
		8FEEAD581D58B34500D585A4 /* Frameworks */ = {
			isa = PBXFrameworksBuildPhase;
			buildActionMask = 2147483647;
			files = (
			);
			runOnlyForDeploymentPostprocessing = 0;
		};
		8FEEAD6F1D58B34600D585A4 /* Frameworks */ = {
			isa = PBXFrameworksBuildPhase;
			buildActionMask = 2147483647;
			files = (
			);
			runOnlyForDeploymentPostprocessing = 0;
		};
		8FEEAD7A1D58B34600D585A4 /* Frameworks */ = {
			isa = PBXFrameworksBuildPhase;
			buildActionMask = 2147483647;
			files = (
			);
			runOnlyForDeploymentPostprocessing = 0;
		};
/* End PBXFrameworksBuildPhase section */

/* Begin PBXGroup section */
		8FEEAD521D58B34500D585A4 = {
			isa = PBXGroup;
			children = (
				8FEEAD5D1D58B34500D585A4 /* Flashcards */,
				8FEEAD751D58B34600D585A4 /* FlashcardsTests */,
				8FEEAD801D58B34600D585A4 /* FlashcardsUITests */,
				8FEEAD5C1D58B34500D585A4 /* Products */,
			);
			sourceTree = "<group>";
		};
		8FEEAD5C1D58B34500D585A4 /* Products */ = {
			isa = PBXGroup;
			children = (
				8FEEAD5B1D58B34500D585A4 /* Flashcards.app */,
				8FEEAD721D58B34600D585A4 /* FlashcardsTests.xctest */,
				8FEEAD7D1D58B34600D585A4 /* FlashcardsUITests.xctest */,
			);
			name = Products;
			sourceTree = "<group>";
		};
		8FEEAD5D1D58B34500D585A4 /* Flashcards */ = {
			isa = PBXGroup;
			children = (
				8FEEAD911D58B5E400D585A4 /* UI */,
				8FEEAD5E1D58B34500D585A4 /* AppDelegate.swift */,
				8FEEAD621D58B34500D585A4 /* Main.storyboard */,
				8FEEAD681D58B34600D585A4 /* Assets.xcassets */,
				8FEEAD6A1D58B34600D585A4 /* LaunchScreen.storyboard */,
				8FEEAD6D1D58B34600D585A4 /* Info.plist */,
				8FEEAD651D58B34600D585A4 /* Flashcards.xcdatamodeld */,
			);
			path = Flashcards;
			sourceTree = "<group>";
		};
		8FEEAD751D58B34600D585A4 /* FlashcardsTests */ = {
			isa = PBXGroup;
			children = (
				8FEEAD761D58B34600D585A4 /* FlashcardsTests.swift */,
				8FEEAD781D58B34600D585A4 /* Info.plist */,
			);
			path = FlashcardsTests;
			sourceTree = "<group>";
		};
		8FEEAD801D58B34600D585A4 /* FlashcardsUITests */ = {
			isa = PBXGroup;
			children = (
				8FEEAD811D58B34600D585A4 /* FlashcardsUITests.swift */,
				8FEEAD831D58B34600D585A4 /* Info.plist */,
			);
			path = FlashcardsUITests;
			sourceTree = "<group>";
		};
		8FEEAD911D58B5E400D585A4 /* UI */ = {
			isa = PBXGroup;
			children = (
				8FEEAD921D58B5F200D585A4 /* Login */,
			);
			path = UI;
			sourceTree = "<group>";
		};
		8FEEAD921D58B5F200D585A4 /* Login */ = {
			isa = PBXGroup;
			children = (
				8FEEAD931D58B61100D585A4 /* LoginViewController.swift */,
			);
			path = Login;
			sourceTree = "<group>";
		};
/* End PBXGroup section */

/* Begin PBXNativeTarget section */
		8FEEAD5A1D58B34500D585A4 /* Flashcards */ = {
			isa = PBXNativeTarget;
			buildConfigurationList = 8FEEAD861D58B34600D585A4 /* Build configuration list for PBXNativeTarget "Flashcards" */;
			buildPhases = (
				8FEEAD571D58B34500D585A4 /* Sources */,
				8FEEAD581D58B34500D585A4 /* Frameworks */,
				8FEEAD591D58B34500D585A4 /* Resources */,
			);
			buildRules = (
			);
			dependencies = (
			);
			name = Flashcards;
			productName = Flashcards;
			productReference = 8FEEAD5B1D58B34500D585A4 /* Flashcards.app */;
			productType = "com.apple.product-type.application";
		};
		8FEEAD711D58B34600D585A4 /* FlashcardsTests */ = {
			isa = PBXNativeTarget;
			buildConfigurationList = 8FEEAD891D58B34600D585A4 /* Build configuration list for PBXNativeTarget "FlashcardsTests" */;
			buildPhases = (
				8FEEAD6E1D58B34600D585A4 /* Sources */,
				8FEEAD6F1D58B34600D585A4 /* Frameworks */,
				8FEEAD701D58B34600D585A4 /* Resources */,
			);
			buildRules = (
			);
			dependencies = (
				8FEEAD741D58B34600D585A4 /* PBXTargetDependency */,
			);
			name = FlashcardsTests;
			productName = FlashcardsTests;
			productReference = 8FEEAD721D58B34600D585A4 /* FlashcardsTests.xctest */;
			productType = "com.apple.product-type.bundle.unit-test";
		};
		8FEEAD7C1D58B34600D585A4 /* FlashcardsUITests */ = {
			isa = PBXNativeTarget;
			buildConfigurationList = 8FEEAD8C1D58B34600D585A4 /* Build configuration list for PBXNativeTarget "FlashcardsUITests" */;
			buildPhases = (
				8FEEAD791D58B34600D585A4 /* Sources */,
				8FEEAD7A1D58B34600D585A4 /* Frameworks */,
				8FEEAD7B1D58B34600D585A4 /* Resources */,
			);
			buildRules = (
			);
			dependencies = (
				8FEEAD7F1D58B34600D585A4 /* PBXTargetDependency */,
			);
			name = FlashcardsUITests;
			productName = FlashcardsUITests;
			productReference = 8FEEAD7D1D58B34600D585A4 /* FlashcardsUITests.xctest */;
			productType = "com.apple.product-type.bundle.ui-testing";
		};
/* End PBXNativeTarget section */

/* Begin PBXProject section */
		8FEEAD531D58B34500D585A4 /* Project object */ = {
			isa = PBXProject;
			attributes = {
				LastSwiftUpdateCheck = 0730;
				LastUpgradeCheck = 0730;
				ORGANIZATIONNAME = TriangleLeft;
				TargetAttributes = {
					8FEEAD5A1D58B34500D585A4 = {
						CreatedOnToolsVersion = 7.3.1;
					};
					8FEEAD711D58B34600D585A4 = {
						CreatedOnToolsVersion = 7.3.1;
						TestTargetID = 8FEEAD5A1D58B34500D585A4;
					};
					8FEEAD7C1D58B34600D585A4 = {
						CreatedOnToolsVersion = 7.3.1;
						TestTargetID = 8FEEAD5A1D58B34500D585A4;
					};
				};
			};
			buildConfigurationList = 8FEEAD561D58B34500D585A4 /* Build configuration list for PBXProject "Flashcards" */;
			compatibilityVersion = "Xcode 3.2";
			developmentRegion = English;
			hasScannedForEncodings = 0;
			knownRegions = (
				en,
				Base,
			);
			mainGroup = 8FEEAD521D58B34500D585A4;
			productRefGroup = 8FEEAD5C1D58B34500D585A4 /* Products */;
			projectDirPath = "";
			projectRoot = "";
			targets = (
				8FEEAD5A1D58B34500D585A4 /* Flashcards */,
				8FEEAD711D58B34600D585A4 /* FlashcardsTests */,
				8FEEAD7C1D58B34600D585A4 /* FlashcardsUITests */,
			);
		};
/* End PBXProject section */

/* Begin PBXResourcesBuildPhase section */
		8FEEAD591D58B34500D585A4 /* Resources */ = {
			isa = PBXResourcesBuildPhase;
			buildActionMask = 2147483647;
			files = (
				8FEEAD6C1D58B34600D585A4 /* LaunchScreen.storyboard in Resources */,
				8FEEAD691D58B34600D585A4 /* Assets.xcassets in Resources */,
				8FEEAD641D58B34500D585A4 /* Main.storyboard in Resources */,
			);
			runOnlyForDeploymentPostprocessing = 0;
		};
		8FEEAD701D58B34600D585A4 /* Resources */ = {
			isa = PBXResourcesBuildPhase;
			buildActionMask = 2147483647;
			files = (
			);
			runOnlyForDeploymentPostprocessing = 0;
		};
		8FEEAD7B1D58B34600D585A4 /* Resources */ = {
			isa = PBXResourcesBuildPhase;
			buildActionMask = 2147483647;
			files = (
			);
			runOnlyForDeploymentPostprocessing = 0;
		};
/* End PBXResourcesBuildPhase section */

/* Begin PBXSourcesBuildPhase section */
		8FEEAD571D58B34500D585A4 /* Sources */ = {
			isa = PBXSourcesBuildPhase;
			buildActionMask = 2147483647;
			files = (
				8FEEAD941D58B61100D585A4 /* LoginViewController.swift in Sources */,
				8FEEAD671D58B34600D585A4 /* Flashcards.xcdatamodeld in Sources */,
				8FEEAD5F1D58B34500D585A4 /* AppDelegate.swift in Sources */,
			);
			runOnlyForDeploymentPostprocessing = 0;
		};
		8FEEAD6E1D58B34600D585A4 /* Sources */ = {
			isa = PBXSourcesBuildPhase;
			buildActionMask = 2147483647;
			files = (
				8FEEAD771D58B34600D585A4 /* FlashcardsTests.swift in Sources */,
			);
			runOnlyForDeploymentPostprocessing = 0;
		};
		8FEEAD791D58B34600D585A4 /* Sources */ = {
			isa = PBXSourcesBuildPhase;
			buildActionMask = 2147483647;
			files = (
				8FEEAD821D58B34600D585A4 /* FlashcardsUITests.swift in Sources */,
			);
			runOnlyForDeploymentPostprocessing = 0;
		};
/* End PBXSourcesBuildPhase section */

/* Begin PBXTargetDependency section */
		8FEEAD741D58B34600D585A4 /* PBXTargetDependency */ = {
			isa = PBXTargetDependency;
			target = 8FEEAD5A1D58B34500D585A4 /* Flashcards */;
			targetProxy = 8FEEAD731D58B34600D585A4 /* PBXContainerItemProxy */;
		};
		8FEEAD7F1D58B34600D585A4 /* PBXTargetDependency */ = {
			isa = PBXTargetDependency;
			target = 8FEEAD5A1D58B34500D585A4 /* Flashcards */;
			targetProxy = 8FEEAD7E1D58B34600D585A4 /* PBXContainerItemProxy */;
		};
/* End PBXTargetDependency section */

/* Begin PBXVariantGroup section */
		8FEEAD621D58B34500D585A4 /* Main.storyboard */ = {
			isa = PBXVariantGroup;
			children = (
				8FEEAD631D58B34500D585A4 /* Base */,
			);
			name = Main.storyboard;
			sourceTree = "<group>";
		};
		8FEEAD6A1D58B34600D585A4 /* LaunchScreen.storyboard */ = {
			isa = PBXVariantGroup;
			children = (
				8FEEAD6B1D58B34600D585A4 /* Base */,
			);
			name = LaunchScreen.storyboard;
			sourceTree = "<group>";
		};
/* End PBXVariantGroup section */

/* Begin XCBuildConfiguration section */
		8FEEAD841D58B34600D585A4 /* Debug */ = {
			isa = XCBuildConfiguration;
			buildSettings = {
				ALWAYS_SEARCH_USER_PATHS = NO;
				CLANG_ANALYZER_NONNULL = YES;
				CLANG_CXX_LANGUAGE_STANDARD = "gnu++0x";
				CLANG_CXX_LIBRARY = "libc++";
				CLANG_ENABLE_MODULES = YES;
				CLANG_ENABLE_OBJC_ARC = YES;
				CLANG_WARN_BOOL_CONVERSION = YES;
				CLANG_WARN_CONSTANT_CONVERSION = YES;
				CLANG_WARN_DIRECT_OBJC_ISA_USAGE = YES_ERROR;
				CLANG_WARN_EMPTY_BODY = YES;
				CLANG_WARN_ENUM_CONVERSION = YES;
				CLANG_WARN_INT_CONVERSION = YES;
				CLANG_WARN_OBJC_ROOT_CLASS = YES_ERROR;
				CLANG_WARN_UNREACHABLE_CODE = YES;
				CLANG_WARN__DUPLICATE_METHOD_MATCH = YES;
				"CODE_SIGN_IDENTITY[sdk=iphoneos*]" = "iPhone Developer";
				COPY_PHASE_STRIP = NO;
				DEBUG_INFORMATION_FORMAT = dwarf;
				ENABLE_STRICT_OBJC_MSGSEND = YES;
				ENABLE_TESTABILITY = YES;
				GCC_C_LANGUAGE_STANDARD = gnu99;
				GCC_DYNAMIC_NO_PIC = NO;
				GCC_NO_COMMON_BLOCKS = YES;
				GCC_OPTIMIZATION_LEVEL = 0;
				GCC_PREPROCESSOR_DEFINITIONS = (
					"DEBUG=1",
					"$(inherited)",
				);
				GCC_WARN_64_TO_32_BIT_CONVERSION = YES;
				GCC_WARN_ABOUT_RETURN_TYPE = YES_ERROR;
				GCC_WARN_UNDECLARED_SELECTOR = YES;
				GCC_WARN_UNINITIALIZED_AUTOS = YES_AGGRESSIVE;
				GCC_WARN_UNUSED_FUNCTION = YES;
				GCC_WARN_UNUSED_VARIABLE = YES;
				IPHONEOS_DEPLOYMENT_TARGET = 9.3;
				MTL_ENABLE_DEBUG_INFO = YES;
				ONLY_ACTIVE_ARCH = YES;
				SDKROOT = iphoneos;
				SWIFT_OPTIMIZATION_LEVEL = "-Onone";
				TARGETED_DEVICE_FAMILY = "1,2";
			};
			name = Debug;
		};
		8FEEAD851D58B34600D585A4 /* Release */ = {
			isa = XCBuildConfiguration;
			buildSettings = {
				ALWAYS_SEARCH_USER_PATHS = NO;
				CLANG_ANALYZER_NONNULL = YES;
				CLANG_CXX_LANGUAGE_STANDARD = "gnu++0x";
				CLANG_CXX_LIBRARY = "libc++";
				CLANG_ENABLE_MODULES = YES;
				CLANG_ENABLE_OBJC_ARC = YES;
				CLANG_WARN_BOOL_CONVERSION = YES;
				CLANG_WARN_CONSTANT_CONVERSION = YES;
				CLANG_WARN_DIRECT_OBJC_ISA_USAGE = YES_ERROR;
				CLANG_WARN_EMPTY_BODY = YES;
				CLANG_WARN_ENUM_CONVERSION = YES;
				CLANG_WARN_INT_CONVERSION = YES;
				CLANG_WARN_OBJC_ROOT_CLASS = YES_ERROR;
				CLANG_WARN_UNREACHABLE_CODE = YES;
				CLANG_WARN__DUPLICATE_METHOD_MATCH = YES;
				"CODE_SIGN_IDENTITY[sdk=iphoneos*]" = "iPhone Developer";
				COPY_PHASE_STRIP = NO;
				DEBUG_INFORMATION_FORMAT = "dwarf-with-dsym";
				ENABLE_NS_ASSERTIONS = NO;
				ENABLE_STRICT_OBJC_MSGSEND = YES;
				GCC_C_LANGUAGE_STANDARD = gnu99;
				GCC_NO_COMMON_BLOCKS = YES;
				GCC_WARN_64_TO_32_BIT_CONVERSION = YES;
				GCC_WARN_ABOUT_RETURN_TYPE = YES_ERROR;
				GCC_WARN_UNDECLARED_SELECTOR = YES;
				GCC_WARN_UNINITIALIZED_AUTOS = YES_AGGRESSIVE;
				GCC_WARN_UNUSED_FUNCTION = YES;
				GCC_WARN_UNUSED_VARIABLE = YES;
				IPHONEOS_DEPLOYMENT_TARGET = 9.3;
				MTL_ENABLE_DEBUG_INFO = NO;
				SDKROOT = iphoneos;
				TARGETED_DEVICE_FAMILY = "1,2";
				VALIDATE_PRODUCT = YES;
			};
			name = Release;
		};
		8FEEAD871D58B34600D585A4 /* Debug */ = {
			isa = XCBuildConfiguration;
			buildSettings = {
				ASSETCATALOG_COMPILER_APPICON_NAME = AppIcon;
				INFOPLIST_FILE = Flashcards/Info.plist;
				LD_RUNPATH_SEARCH_PATHS = "$(inherited) @executable_path/Frameworks";
				PRODUCT_BUNDLE_IDENTIFIER = com.triangleleft.Flashcards;
				PRODUCT_NAME = "$(TARGET_NAME)";
			};
			name = Debug;
		};
		8FEEAD881D58B34600D585A4 /* Release */ = {
			isa = XCBuildConfiguration;
			buildSettings = {
				ASSETCATALOG_COMPILER_APPICON_NAME = AppIcon;
				INFOPLIST_FILE = Flashcards/Info.plist;
				LD_RUNPATH_SEARCH_PATHS = "$(inherited) @executable_path/Frameworks";
				PRODUCT_BUNDLE_IDENTIFIER = com.triangleleft.Flashcards;
				PRODUCT_NAME = "$(TARGET_NAME)";
			};
			name = Release;
		};
		8FEEAD8A1D58B34600D585A4 /* Debug */ = {
			isa = XCBuildConfiguration;
			buildSettings = {
				BUNDLE_LOADER = "$(TEST_HOST)";
				INFOPLIST_FILE = FlashcardsTests/Info.plist;
				LD_RUNPATH_SEARCH_PATHS = "$(inherited) @executable_path/Frameworks @loader_path/Frameworks";
				PRODUCT_BUNDLE_IDENTIFIER = com.triangleleft.FlashcardsTests;
				PRODUCT_NAME = "$(TARGET_NAME)";
				TEST_HOST = "$(BUILT_PRODUCTS_DIR)/Flashcards.app/Flashcards";
			};
			name = Debug;
		};
		8FEEAD8B1D58B34600D585A4 /* Release */ = {
			isa = XCBuildConfiguration;
			buildSettings = {
				BUNDLE_LOADER = "$(TEST_HOST)";
				INFOPLIST_FILE = FlashcardsTests/Info.plist;
				LD_RUNPATH_SEARCH_PATHS = "$(inherited) @executable_path/Frameworks @loader_path/Frameworks";
				PRODUCT_BUNDLE_IDENTIFIER = com.triangleleft.FlashcardsTests;
				PRODUCT_NAME = "$(TARGET_NAME)";
				TEST_HOST = "$(BUILT_PRODUCTS_DIR)/Flashcards.app/Flashcards";
			};
			name = Release;
		};
		8FEEAD8D1D58B34600D585A4 /* Debug */ = {
			isa = XCBuildConfiguration;
			buildSettings = {
				INFOPLIST_FILE = FlashcardsUITests/Info.plist;
				LD_RUNPATH_SEARCH_PATHS = "$(inherited) @executable_path/Frameworks @loader_path/Frameworks";
				PRODUCT_BUNDLE_IDENTIFIER = com.triangleleft.FlashcardsUITests;
				PRODUCT_NAME = "$(TARGET_NAME)";
				TEST_TARGET_NAME = Flashcards;
			};
			name = Debug;
		};
		8FEEAD8E1D58B34600D585A4 /* Release */ = {
			isa = XCBuildConfiguration;
			buildSettings = {
				INFOPLIST_FILE = FlashcardsUITests/Info.plist;
				LD_RUNPATH_SEARCH_PATHS = "$(inherited) @executable_path/Frameworks @loader_path/Frameworks";
				PRODUCT_BUNDLE_IDENTIFIER = com.triangleleft.FlashcardsUITests;
				PRODUCT_NAME = "$(TARGET_NAME)";
				TEST_TARGET_NAME = Flashcards;
			};
			name = Release;
		};
/* End XCBuildConfiguration section */

/* Begin XCConfigurationList section */
		8FEEAD561D58B34500D585A4 /* Build configuration list for PBXProject "Flashcards" */ = {
			isa = XCConfigurationList;
			buildConfigurations = (
				8FEEAD841D58B34600D585A4 /* Debug */,
				8FEEAD851D58B34600D585A4 /* Release */,
			);
			defaultConfigurationIsVisible = 0;
			defaultConfigurationName = Release;
		};
		8FEEAD861D58B34600D585A4 /* Build configuration list for PBXNativeTarget "Flashcards" */ = {
			isa = XCConfigurationList;
			buildConfigurations = (
				8FEEAD871D58B34600D585A4 /* Debug */,
				8FEEAD881D58B34600D585A4 /* Release */,
			);
			defaultConfigurationIsVisible = 0;
			defaultConfigurationName = Release;
		};
		8FEEAD891D58B34600D585A4 /* Build configuration list for PBXNativeTarget "FlashcardsTests" */ = {
			isa = XCConfigurationList;
			buildConfigurations = (
				8FEEAD8A1D58B34600D585A4 /* Debug */,
				8FEEAD8B1D58B34600D585A4 /* Release */,
			);
			defaultConfigurationIsVisible = 0;
			defaultConfigurationName = Release;
		};
		8FEEAD8C1D58B34600D585A4 /* Build configuration list for PBXNativeTarget "FlashcardsUITests" */ = {
			isa = XCConfigurationList;
			buildConfigurations = (
				8FEEAD8D1D58B34600D585A4 /* Debug */,
				8FEEAD8E1D58B34600D585A4 /* Release */,
			);
			defaultConfigurationIsVisible = 0;
			defaultConfigurationName = Release;
		};
/* End XCConfigurationList section */

/* Begin XCVersionGroup section */
		8FEEAD651D58B34600D585A4 /* Flashcards.xcdatamodeld */ = {
			isa = XCVersionGroup;
			children = (
				8FEEAD661D58B34600D585A4 /* Flashcards.xcdatamodel */,
			);
			currentVersion = 8FEEAD661D58B34600D585A4 /* Flashcards.xcdatamodel */;
			path = Flashcards.xcdatamodeld;
			sourceTree = "<group>";
			versionGroupType = wrapper.xcdatamodel;
		};
/* End XCVersionGroup section */
	};
	rootObject = 8FEEAD531D58B34500D585A4 /* Project object */;
}
