// !$*UTF8*$!
{
	archiveVersion = 1;
	classes = {
	};
	objectVersion = 46;
	objects = {

/* Begin PBXBuildFile section */
		65CD92DDA99C99118E7B0975 /* Pods_Flashcards.framework in Frameworks */ = {isa = PBXBuildFile; fileRef = 0CA8E75D098A59F294B177C6 /* Pods_Flashcards.framework */; };
		690CF7D8127CBAB80B498CEB /* Pods_FlashcardsUITests.framework in Frameworks */ = {isa = PBXBuildFile; fileRef = 8E64657B04BC2602CCA11681 /* Pods_FlashcardsUITests.framework */; };
		8F1BD9781D5E2DDB001DED6F /* FlashcardsCore.framework in Frameworks */ = {isa = PBXBuildFile; fileRef = 8F1BD9771D5E2DDB001DED6F /* FlashcardsCore.framework */; };
		8FEEAD5F1D58B34500D585A4 /* AppDelegate.swift in Sources */ = {isa = PBXBuildFile; fileRef = 8FEEAD5E1D58B34500D585A4 /* AppDelegate.swift */; };
		8FEEAD641D58B34500D585A4 /* Main.storyboard in Resources */ = {isa = PBXBuildFile; fileRef = 8FEEAD621D58B34500D585A4 /* Main.storyboard */; };
		8FEEAD671D58B34600D585A4 /* Flashcards.xcdatamodeld in Sources */ = {isa = PBXBuildFile; fileRef = 8FEEAD651D58B34600D585A4 /* Flashcards.xcdatamodeld */; };
		8FEEAD691D58B34600D585A4 /* Assets.xcassets in Resources */ = {isa = PBXBuildFile; fileRef = 8FEEAD681D58B34600D585A4 /* Assets.xcassets */; };
		8FEEAD6C1D58B34600D585A4 /* LaunchScreen.storyboard in Resources */ = {isa = PBXBuildFile; fileRef = 8FEEAD6A1D58B34600D585A4 /* LaunchScreen.storyboard */; };
		8FEEAD941D58B61100D585A4 /* LoginViewController.swift in Sources */ = {isa = PBXBuildFile; fileRef = 8FEEAD931D58B61100D585A4 /* LoginViewController.swift */; };
		F17684B9C3A3A08A04373BAF /* Pods_FlashcardsTests.framework in Frameworks */ = {isa = PBXBuildFile; fileRef = CE90BB0179BA65F785154441 /* Pods_FlashcardsTests.framework */; };
/* End PBXBuildFile section */

/* Begin PBXContainerItemProxy section */
		8FEEAD731D58B34600D585A4 /* PBXContainerItemProxy */ = {
			isa = PBXContainerItemProxy;
			containerPortal = 8FEEAD531D58B34500D585A4 /* Project object */;
			proxyType = 1;
			remoteGlobalIDString = 8FEEAD5A1D58B34500D585A4;
			remoteInfo = Flashcards;
		};
		8FEEAD7E1D58B34600D585A4 /* PBXContainerItemProxy */ = {
			isa = PBXContainerItemProxy;
			containerPortal = 8FEEAD531D58B34500D585A4 /* Project object */;
			proxyType = 1;
			remoteGlobalIDString = 8FEEAD5A1D58B34500D585A4;
			remoteInfo = Flashcards;
		};
/* End PBXContainerItemProxy section */

/* Begin PBXFileReference section */
		0CA8E75D098A59F294B177C6 /* Pods_Flashcards.framework */ = {isa = PBXFileReference; explicitFileType = wrapper.framework; includeInIndex = 0; path = Pods_Flashcards.framework; sourceTree = BUILT_PRODUCTS_DIR; };
		2D9B6D25CF44BB54DE649170 /* Pods-FlashcardsUITests.release.xcconfig */ = {isa = PBXFileReference; includeInIndex = 1; lastKnownFileType = text.xcconfig; name = "Pods-FlashcardsUITests.release.xcconfig"; path = "Pods/Target Support Files/Pods-FlashcardsUITests/Pods-FlashcardsUITests.release.xcconfig"; sourceTree = "<group>"; };
		314CF31B68254D419F7CA4F2 /* Pods-FlashcardsUITests.debug.xcconfig */ = {isa = PBXFileReference; includeInIndex = 1; lastKnownFileType = text.xcconfig; name = "Pods-FlashcardsUITests.debug.xcconfig"; path = "Pods/Target Support Files/Pods-FlashcardsUITests/Pods-FlashcardsUITests.debug.xcconfig"; sourceTree = "<group>"; };
		3979E1B65948C8301E29B570 /* Pods-Flashcards.debug.xcconfig */ = {isa = PBXFileReference; includeInIndex = 1; lastKnownFileType = text.xcconfig; name = "Pods-Flashcards.debug.xcconfig"; path = "Pods/Target Support Files/Pods-Flashcards/Pods-Flashcards.debug.xcconfig"; sourceTree = "<group>"; };
		5746BADC92AD504A495FFFDE /* Pods-Flashcards.release.xcconfig */ = {isa = PBXFileReference; includeInIndex = 1; lastKnownFileType = text.xcconfig; name = "Pods-Flashcards.release.xcconfig"; path = "Pods/Target Support Files/Pods-Flashcards/Pods-Flashcards.release.xcconfig"; sourceTree = "<group>"; };
		59853E250E26CEA2FA087DBE /* Pods-FlashcardsTests.debug.xcconfig */ = {isa = PBXFileReference; includeInIndex = 1; lastKnownFileType = text.xcconfig; name = "Pods-FlashcardsTests.debug.xcconfig"; path = "Pods/Target Support Files/Pods-FlashcardsTests/Pods-FlashcardsTests.debug.xcconfig"; sourceTree = "<group>"; };
		88D3B64DDA9E1F8901C3470F /* Pods-FlashcardsTests.release.xcconfig */ = {isa = PBXFileReference; includeInIndex = 1; lastKnownFileType = text.xcconfig; name = "Pods-FlashcardsTests.release.xcconfig"; path = "Pods/Target Support Files/Pods-FlashcardsTests/Pods-FlashcardsTests.release.xcconfig"; sourceTree = "<group>"; };
		8E64657B04BC2602CCA11681 /* Pods_FlashcardsUITests.framework */ = {isa = PBXFileReference; explicitFileType = wrapper.framework; includeInIndex = 0; path = Pods_FlashcardsUITests.framework; sourceTree = BUILT_PRODUCTS_DIR; };
		8F1BD9771D5E2DDB001DED6F /* FlashcardsCore.framework */ = {isa = PBXFileReference; lastKnownFileType = wrapper.framework; name = FlashcardsCore.framework; path = "FlashcardsCore/build/Debug-iphoneos/FlashcardsCore.framework"; sourceTree = "<group>"; };
		8FEEAD5B1D58B34500D585A4 /* Flashcards.app */ = {isa = PBXFileReference; explicitFileType = wrapper.application; includeInIndex = 0; path = Flashcards.app; sourceTree = BUILT_PRODUCTS_DIR; };
		8FEEAD5E1D58B34500D585A4 /* AppDelegate.swift */ = {isa = PBXFileReference; lastKnownFileType = sourcecode.swift; path = AppDelegate.swift; sourceTree = "<group>"; };
		8FEEAD631D58B34500D585A4 /* Base */ = {isa = PBXFileReference; lastKnownFileType = file.storyboard; name = Base; path = Base.lproj/Main.storyboard; sourceTree = "<group>"; };
		8FEEAD661D58B34600D585A4 /* Flashcards.xcdatamodel */ = {isa = PBXFileReference; lastKnownFileType = wrapper.xcdatamodel; path = Flashcards.xcdatamodel; sourceTree = "<group>"; };
		8FEEAD681D58B34600D585A4 /* Assets.xcassets */ = {isa = PBXFileReference; lastKnownFileType = folder.assetcatalog; path = Assets.xcassets; sourceTree = "<group>"; };
		8FEEAD6B1D58B34600D585A4 /* Base */ = {isa = PBXFileReference; lastKnownFileType = file.storyboard; name = Base; path = Base.lproj/LaunchScreen.storyboard; sourceTree = "<group>"; };
		8FEEAD6D1D58B34600D585A4 /* Info.plist */ = {isa = PBXFileReference; lastKnownFileType = text.plist.xml; path = Info.plist; sourceTree = "<group>"; };
		8FEEAD721D58B34600D585A4 /* FlashcardsTests.xctest */ = {isa = PBXFileReference; explicitFileType = wrapper.cfbundle; includeInIndex = 0; path = FlashcardsTests.xctest; sourceTree = BUILT_PRODUCTS_DIR; };
		8FEEAD7D1D58B34600D585A4 /* FlashcardsUITests.xctest */ = {isa = PBXFileReference; explicitFileType = wrapper.cfbundle; includeInIndex = 0; path = FlashcardsUITests.xctest; sourceTree = BUILT_PRODUCTS_DIR; };
		8FEEAD931D58B61100D585A4 /* LoginViewController.swift */ = {isa = PBXFileReference; fileEncoding = 4; lastKnownFileType = sourcecode.swift; path = LoginViewController.swift; sourceTree = "<group>"; };
		CE90BB0179BA65F785154441 /* Pods_FlashcardsTests.framework */ = {isa = PBXFileReference; explicitFileType = wrapper.framework; includeInIndex = 0; path = Pods_FlashcardsTests.framework; sourceTree = BUILT_PRODUCTS_DIR; };
/* End PBXFileReference section */

/* Begin PBXFrameworksBuildPhase section */
		8FEEAD581D58B34500D585A4 /* Frameworks */ = {
			isa = PBXFrameworksBuildPhase;
			buildActionMask = 2147483647;
			files = (
				8F1BD9781D5E2DDB001DED6F /* FlashcardsCore.framework in Frameworks */,
				65CD92DDA99C99118E7B0975 /* Pods_Flashcards.framework in Frameworks */,
			);
			runOnlyForDeploymentPostprocessing = 0;
		};
		8FEEAD6F1D58B34600D585A4 /* Frameworks */ = {
			isa = PBXFrameworksBuildPhase;
			buildActionMask = 2147483647;
			files = (
				F17684B9C3A3A08A04373BAF /* Pods_FlashcardsTests.framework in Frameworks */,
			);
			runOnlyForDeploymentPostprocessing = 0;
		};
		8FEEAD7A1D58B34600D585A4 /* Frameworks */ = {
			isa = PBXFrameworksBuildPhase;
			buildActionMask = 2147483647;
			files = (
				690CF7D8127CBAB80B498CEB /* Pods_FlashcardsUITests.framework in Frameworks */,
			);
			runOnlyForDeploymentPostprocessing = 0;
		};
/* End PBXFrameworksBuildPhase section */

/* Begin PBXGroup section */
		614DB60CDE4EB799CE3AF9D3 /* Pods */ = {
			isa = PBXGroup;
			children = (
				3979E1B65948C8301E29B570 /* Pods-Flashcards.debug.xcconfig */,
				5746BADC92AD504A495FFFDE /* Pods-Flashcards.release.xcconfig */,
				59853E250E26CEA2FA087DBE /* Pods-FlashcardsTests.debug.xcconfig */,
				88D3B64DDA9E1F8901C3470F /* Pods-FlashcardsTests.release.xcconfig */,
				314CF31B68254D419F7CA4F2 /* Pods-FlashcardsUITests.debug.xcconfig */,
				2D9B6D25CF44BB54DE649170 /* Pods-FlashcardsUITests.release.xcconfig */,
			);
			name = Pods;
			sourceTree = "<group>";
		};
		8FEEAD521D58B34500D585A4 = {
			isa = PBXGroup;
			children = (
				8FEEAD5D1D58B34500D585A4 /* Flashcards */,
				8FEEAD5C1D58B34500D585A4 /* Products */,
				614DB60CDE4EB799CE3AF9D3 /* Pods */,
				CEC6296831BCF8BEE8DDA96C /* Frameworks */,
			);
			sourceTree = "<group>";
		};
		8FEEAD5C1D58B34500D585A4 /* Products */ = {
			isa = PBXGroup;
			children = (
				8FEEAD5B1D58B34500D585A4 /* Flashcards.app */,
				8FEEAD721D58B34600D585A4 /* FlashcardsTests.xctest */,
				8FEEAD7D1D58B34600D585A4 /* FlashcardsUITests.xctest */,
			);
			name = Products;
			sourceTree = "<group>";
		};
		8FEEAD5D1D58B34500D585A4 /* Flashcards */ = {
			isa = PBXGroup;
			children = (
				8FEEAD911D58B5E400D585A4 /* UI */,
				8FEEAD5E1D58B34500D585A4 /* AppDelegate.swift */,
				8FEEAD621D58B34500D585A4 /* Main.storyboard */,
				8FEEAD681D58B34600D585A4 /* Assets.xcassets */,
				8FEEAD6A1D58B34600D585A4 /* LaunchScreen.storyboard */,
				8FEEAD6D1D58B34600D585A4 /* Info.plist */,
				8FEEAD651D58B34600D585A4 /* Flashcards.xcdatamodeld */,
			);
			path = Flashcards;
			sourceTree = "<group>";
		};
		8FEEAD911D58B5E400D585A4 /* UI */ = {
			isa = PBXGroup;
			children = (
				8FEEAD921D58B5F200D585A4 /* Login */,
			);
			path = UI;
			sourceTree = "<group>";
		};
		8FEEAD921D58B5F200D585A4 /* Login */ = {
			isa = PBXGroup;
			children = (
				8FEEAD931D58B61100D585A4 /* LoginViewController.swift */,
			);
			path = Login;
			sourceTree = "<group>";
		};
		CEC6296831BCF8BEE8DDA96C /* Frameworks */ = {
			isa = PBXGroup;
			children = (
				8F1BD9771D5E2DDB001DED6F /* FlashcardsCore.framework */,
				0CA8E75D098A59F294B177C6 /* Pods_Flashcards.framework */,
				CE90BB0179BA65F785154441 /* Pods_FlashcardsTests.framework */,
				8E64657B04BC2602CCA11681 /* Pods_FlashcardsUITests.framework */,
			);
			name = Frameworks;
			sourceTree = "<group>";
		};
/* End PBXGroup section */

/* Begin PBXNativeTarget section */
		8FEEAD5A1D58B34500D585A4 /* Flashcards */ = {
			isa = PBXNativeTarget;
			buildConfigurationList = 8FEEAD861D58B34600D585A4 /* Build configuration list for PBXNativeTarget "Flashcards" */;
			buildPhases = (
				D06CE7CEE0CE96A86B91B960 /* [CP] Check Pods Manifest.lock */,
				8FEEAD571D58B34500D585A4 /* Sources */,
				8FEEAD581D58B34500D585A4 /* Frameworks */,
				8FEEAD591D58B34500D585A4 /* Resources */,
				F2061B856568A3F36A7224FF /* [CP] Embed Pods Frameworks */,
				7481E89A35B53C45EA29318F /* [CP] Copy Pods Resources */,
			);
			buildRules = (
			);
			dependencies = (
			);
			name = Flashcards;
			productName = Flashcards;
			productReference = 8FEEAD5B1D58B34500D585A4 /* Flashcards.app */;
			productType = "com.apple.product-type.application";
		};
		8FEEAD711D58B34600D585A4 /* FlashcardsTests */ = {
			isa = PBXNativeTarget;
			buildConfigurationList = 8FEEAD891D58B34600D585A4 /* Build configuration list for PBXNativeTarget "FlashcardsTests" */;
			buildPhases = (
				CCF2E08A88BA03459832D014 /* [CP] Check Pods Manifest.lock */,
				8FEEAD6E1D58B34600D585A4 /* Sources */,
				8FEEAD6F1D58B34600D585A4 /* Frameworks */,
				8FEEAD701D58B34600D585A4 /* Resources */,
				F1CBE090471C9A4313B6CDBC /* [CP] Embed Pods Frameworks */,
				0C254066B6514B7DB36F26B2 /* [CP] Copy Pods Resources */,
			);
			buildRules = (
			);
			dependencies = (
				8FEEAD741D58B34600D585A4 /* PBXTargetDependency */,
			);
			name = FlashcardsTests;
			productName = FlashcardsTests;
			productReference = 8FEEAD721D58B34600D585A4 /* FlashcardsTests.xctest */;
			productType = "com.apple.product-type.bundle.unit-test";
		};
		8FEEAD7C1D58B34600D585A4 /* FlashcardsUITests */ = {
			isa = PBXNativeTarget;
			buildConfigurationList = 8FEEAD8C1D58B34600D585A4 /* Build configuration list for PBXNativeTarget "FlashcardsUITests" */;
			buildPhases = (
				DB04B50BF935867C72FCD4BC /* [CP] Check Pods Manifest.lock */,
				8FEEAD791D58B34600D585A4 /* Sources */,
				8FEEAD7A1D58B34600D585A4 /* Frameworks */,
				8FEEAD7B1D58B34600D585A4 /* Resources */,
				D49681DCD06052B9FE95DFAF /* [CP] Copy Pods Resources */,
			);
			buildRules = (
			);
			dependencies = (
				8FEEAD7F1D58B34600D585A4 /* PBXTargetDependency */,
			);
			name = FlashcardsUITests;
			productName = FlashcardsUITests;
			productReference = 8FEEAD7D1D58B34600D585A4 /* FlashcardsUITests.xctest */;
			productType = "com.apple.product-type.bundle.ui-testing";
		};
/* End PBXNativeTarget section */

/* Begin PBXProject section */
		8FEEAD531D58B34500D585A4 /* Project object */ = {
			isa = PBXProject;
			attributes = {
				LastSwiftUpdateCheck = 0730;
				LastUpgradeCheck = 0730;
				ORGANIZATIONNAME = TriangleLeft;
				TargetAttributes = {
					8FEEAD5A1D58B34500D585A4 = {
						CreatedOnToolsVersion = 7.3.1;
					};
					8FEEAD711D58B34600D585A4 = {
						CreatedOnToolsVersion = 7.3.1;
						TestTargetID = 8FEEAD5A1D58B34500D585A4;
					};
					8FEEAD7C1D58B34600D585A4 = {
						CreatedOnToolsVersion = 7.3.1;
						TestTargetID = 8FEEAD5A1D58B34500D585A4;
					};
				};
			};
			buildConfigurationList = 8FEEAD561D58B34500D585A4 /* Build configuration list for PBXProject "Flashcards" */;
			compatibilityVersion = "Xcode 3.2";
			developmentRegion = English;
			hasScannedForEncodings = 0;
			knownRegions = (
				en,
				Base,
			);
			mainGroup = 8FEEAD521D58B34500D585A4;
			productRefGroup = 8FEEAD5C1D58B34500D585A4 /* Products */;
			projectDirPath = "";
			projectRoot = "";
			targets = (
				8FEEAD5A1D58B34500D585A4 /* Flashcards */,
				8FEEAD711D58B34600D585A4 /* FlashcardsTests */,
				8FEEAD7C1D58B34600D585A4 /* FlashcardsUITests */,
			);
		};
/* End PBXProject section */

/* Begin PBXResourcesBuildPhase section */
		8FEEAD591D58B34500D585A4 /* Resources */ = {
			isa = PBXResourcesBuildPhase;
			buildActionMask = 2147483647;
			files = (
				8FEEAD6C1D58B34600D585A4 /* LaunchScreen.storyboard in Resources */,
				8FEEAD691D58B34600D585A4 /* Assets.xcassets in Resources */,
				8FEEAD641D58B34500D585A4 /* Main.storyboard in Resources */,
			);
			runOnlyForDeploymentPostprocessing = 0;
		};
		8FEEAD701D58B34600D585A4 /* Resources */ = {
			isa = PBXResourcesBuildPhase;
			buildActionMask = 2147483647;
			files = (
			);
			runOnlyForDeploymentPostprocessing = 0;
		};
		8FEEAD7B1D58B34600D585A4 /* Resources */ = {
			isa = PBXResourcesBuildPhase;
			buildActionMask = 2147483647;
			files = (
			);
			runOnlyForDeploymentPostprocessing = 0;
		};
/* End PBXResourcesBuildPhase section */

/* Begin PBXShellScriptBuildPhase section */
		0C254066B6514B7DB36F26B2 /* [CP] Copy Pods Resources */ = {
			isa = PBXShellScriptBuildPhase;
			buildActionMask = 2147483647;
			files = (
			);
			inputPaths = (
			);
			name = "[CP] Copy Pods Resources";
			outputPaths = (
			);
			runOnlyForDeploymentPostprocessing = 0;
			shellPath = /bin/sh;
			shellScript = "\"${SRCROOT}/Pods/Target Support Files/Pods-FlashcardsTests/Pods-FlashcardsTests-resources.sh\"\n";
			showEnvVarsInLog = 0;
		};
		7481E89A35B53C45EA29318F /* [CP] Copy Pods Resources */ = {
			isa = PBXShellScriptBuildPhase;
			buildActionMask = 2147483647;
			files = (
			);
			inputPaths = (
			);
			name = "[CP] Copy Pods Resources";
			outputPaths = (
			);
			runOnlyForDeploymentPostprocessing = 0;
			shellPath = /bin/sh;
			shellScript = "\"${SRCROOT}/Pods/Target Support Files/Pods-Flashcards/Pods-Flashcards-resources.sh\"\n";
			showEnvVarsInLog = 0;
		};
		CCF2E08A88BA03459832D014 /* [CP] Check Pods Manifest.lock */ = {
			isa = PBXShellScriptBuildPhase;
			buildActionMask = 2147483647;
			files = (
			);
			inputPaths = (
			);
			name = "[CP] Check Pods Manifest.lock";
			outputPaths = (
			);
			runOnlyForDeploymentPostprocessing = 0;
			shellPath = /bin/sh;
			shellScript = "diff \"${PODS_ROOT}/../Podfile.lock\" \"${PODS_ROOT}/Manifest.lock\" > /dev/null\nif [[ $? != 0 ]] ; then\n    cat << EOM\nerror: The sandbox is not in sync with the Podfile.lock. Run 'pod install' or update your CocoaPods installation.\nEOM\n    exit 1\nfi\n";
			showEnvVarsInLog = 0;
		};
		D06CE7CEE0CE96A86B91B960 /* [CP] Check Pods Manifest.lock */ = {
			isa = PBXShellScriptBuildPhase;
			buildActionMask = 2147483647;
			files = (
			);
			inputPaths = (
			);
			name = "[CP] Check Pods Manifest.lock";
			outputPaths = (
			);
			runOnlyForDeploymentPostprocessing = 0;
			shellPath = /bin/sh;
			shellScript = "diff \"${PODS_ROOT}/../Podfile.lock\" \"${PODS_ROOT}/Manifest.lock\" > /dev/null\nif [[ $? != 0 ]] ; then\n    cat << EOM\nerror: The sandbox is not in sync with the Podfile.lock. Run 'pod install' or update your CocoaPods installation.\nEOM\n    exit 1\nfi\n";
			showEnvVarsInLog = 0;
		};
		D49681DCD06052B9FE95DFAF /* [CP] Copy Pods Resources */ = {
			isa = PBXShellScriptBuildPhase;
			buildActionMask = 2147483647;
			files = (
			);
			inputPaths = (
			);
			name = "[CP] Copy Pods Resources";
			outputPaths = (
			);
			runOnlyForDeploymentPostprocessing = 0;
			shellPath = /bin/sh;
			shellScript = "\"${SRCROOT}/Pods/Target Support Files/Pods-FlashcardsUITests/Pods-FlashcardsUITests-resources.sh\"\n";
			showEnvVarsInLog = 0;
		};
		DB04B50BF935867C72FCD4BC /* [CP] Check Pods Manifest.lock */ = {
			isa = PBXShellScriptBuildPhase;
			buildActionMask = 2147483647;
			files = (
			);
			inputPaths = (
			);
			name = "[CP] Check Pods Manifest.lock";
			outputPaths = (
			);
			runOnlyForDeploymentPostprocessing = 0;
			shellPath = /bin/sh;
			shellScript = "diff \"${PODS_ROOT}/../Podfile.lock\" \"${PODS_ROOT}/Manifest.lock\" > /dev/null\nif [[ $? != 0 ]] ; then\n    cat << EOM\nerror: The sandbox is not in sync with the Podfile.lock. Run 'pod install' or update your CocoaPods installation.\nEOM\n    exit 1\nfi\n";
			showEnvVarsInLog = 0;
		};
		F1CBE090471C9A4313B6CDBC /* [CP] Embed Pods Frameworks */ = {
			isa = PBXShellScriptBuildPhase;
			buildActionMask = 2147483647;
			files = (
			);
			inputPaths = (
			);
			name = "[CP] Embed Pods Frameworks";
			outputPaths = (
			);
			runOnlyForDeploymentPostprocessing = 0;
			shellPath = /bin/sh;
			shellScript = "\"${SRCROOT}/Pods/Target Support Files/Pods-FlashcardsTests/Pods-FlashcardsTests-frameworks.sh\"\n";
			showEnvVarsInLog = 0;
		};
		F2061B856568A3F36A7224FF /* [CP] Embed Pods Frameworks */ = {
			isa = PBXShellScriptBuildPhase;
			buildActionMask = 2147483647;
			files = (
			);
			inputPaths = (
			);
			name = "[CP] Embed Pods Frameworks";
			outputPaths = (
			);
			runOnlyForDeploymentPostprocessing = 0;
			shellPath = /bin/sh;
			shellScript = "\"${SRCROOT}/Pods/Target Support Files/Pods-Flashcards/Pods-Flashcards-frameworks.sh\"\n";
			showEnvVarsInLog = 0;
		};
/* End PBXShellScriptBuildPhase section */

/* Begin PBXSourcesBuildPhase section */
		8FEEAD571D58B34500D585A4 /* Sources */ = {
			isa = PBXSourcesBuildPhase;
			buildActionMask = 2147483647;
			files = (
				8FEEAD941D58B61100D585A4 /* LoginViewController.swift in Sources */,
				8FEEAD671D58B34600D585A4 /* Flashcards.xcdatamodeld in Sources */,
				8FEEAD5F1D58B34500D585A4 /* AppDelegate.swift in Sources */,
			);
			runOnlyForDeploymentPostprocessing = 0;
		};
		8FEEAD6E1D58B34600D585A4 /* Sources */ = {
			isa = PBXSourcesBuildPhase;
			buildActionMask = 2147483647;
			files = (
			);
			runOnlyForDeploymentPostprocessing = 0;
		};
		8FEEAD791D58B34600D585A4 /* Sources */ = {
			isa = PBXSourcesBuildPhase;
			buildActionMask = 2147483647;
			files = (
			);
			runOnlyForDeploymentPostprocessing = 0;
		};
/* End PBXSourcesBuildPhase section */

/* Begin PBXTargetDependency section */
		8FEEAD741D58B34600D585A4 /* PBXTargetDependency */ = {
			isa = PBXTargetDependency;
			target = 8FEEAD5A1D58B34500D585A4 /* Flashcards */;
			targetProxy = 8FEEAD731D58B34600D585A4 /* PBXContainerItemProxy */;
		};
		8FEEAD7F1D58B34600D585A4 /* PBXTargetDependency */ = {
			isa = PBXTargetDependency;
			target = 8FEEAD5A1D58B34500D585A4 /* Flashcards */;
			targetProxy = 8FEEAD7E1D58B34600D585A4 /* PBXContainerItemProxy */;
		};
/* End PBXTargetDependency section */

/* Begin PBXVariantGroup section */
		8FEEAD621D58B34500D585A4 /* Main.storyboard */ = {
			isa = PBXVariantGroup;
			children = (
				8FEEAD631D58B34500D585A4 /* Base */,
			);
			name = Main.storyboard;
			sourceTree = "<group>";
		};
		8FEEAD6A1D58B34600D585A4 /* LaunchScreen.storyboard */ = {
			isa = PBXVariantGroup;
			children = (
				8FEEAD6B1D58B34600D585A4 /* Base */,
			);
			name = LaunchScreen.storyboard;
			sourceTree = "<group>";
		};
/* End PBXVariantGroup section */

/* Begin XCBuildConfiguration section */
		8FEEAD841D58B34600D585A4 /* Debug */ = {
			isa = XCBuildConfiguration;
			buildSettings = {
				ALWAYS_SEARCH_USER_PATHS = NO;
				CLANG_ANALYZER_NONNULL = YES;
				CLANG_CXX_LANGUAGE_STANDARD = "gnu++0x";
				CLANG_CXX_LIBRARY = "libc++";
				CLANG_ENABLE_MODULES = YES;
				CLANG_ENABLE_OBJC_ARC = YES;
				CLANG_WARN_BOOL_CONVERSION = YES;
				CLANG_WARN_CONSTANT_CONVERSION = YES;
				CLANG_WARN_DIRECT_OBJC_ISA_USAGE = YES_ERROR;
				CLANG_WARN_EMPTY_BODY = YES;
				CLANG_WARN_ENUM_CONVERSION = YES;
				CLANG_WARN_INT_CONVERSION = YES;
				CLANG_WARN_OBJC_ROOT_CLASS = YES_ERROR;
				CLANG_WARN_UNREACHABLE_CODE = YES;
				CLANG_WARN__DUPLICATE_METHOD_MATCH = YES;
				"CODE_SIGN_IDENTITY[sdk=iphoneos*]" = "iPhone Developer";
				COPY_PHASE_STRIP = NO;
				DEBUG_INFORMATION_FORMAT = dwarf;
				ENABLE_STRICT_OBJC_MSGSEND = YES;
				ENABLE_TESTABILITY = YES;
				GCC_C_LANGUAGE_STANDARD = gnu99;
				GCC_DYNAMIC_NO_PIC = NO;
				GCC_NO_COMMON_BLOCKS = YES;
				GCC_OPTIMIZATION_LEVEL = 0;
				GCC_PREPROCESSOR_DEFINITIONS = (
					"DEBUG=1",
					"$(inherited)",
				);
				GCC_WARN_64_TO_32_BIT_CONVERSION = YES;
				GCC_WARN_ABOUT_RETURN_TYPE = YES_ERROR;
				GCC_WARN_UNDECLARED_SELECTOR = YES;
				GCC_WARN_UNINITIALIZED_AUTOS = YES_AGGRESSIVE;
				GCC_WARN_UNUSED_FUNCTION = YES;
				GCC_WARN_UNUSED_VARIABLE = YES;
				IPHONEOS_DEPLOYMENT_TARGET = 9.3;
				MTL_ENABLE_DEBUG_INFO = YES;
				ONLY_ACTIVE_ARCH = YES;
				SDKROOT = iphoneos;
				SWIFT_OPTIMIZATION_LEVEL = "-Onone";
				TARGETED_DEVICE_FAMILY = "1,2";
			};
			name = Debug;
		};
		8FEEAD851D58B34600D585A4 /* Release */ = {
			isa = XCBuildConfiguration;
			buildSettings = {
				ALWAYS_SEARCH_USER_PATHS = NO;
				CLANG_ANALYZER_NONNULL = YES;
				CLANG_CXX_LANGUAGE_STANDARD = "gnu++0x";
				CLANG_CXX_LIBRARY = "libc++";
				CLANG_ENABLE_MODULES = YES;
				CLANG_ENABLE_OBJC_ARC = YES;
				CLANG_WARN_BOOL_CONVERSION = YES;
				CLANG_WARN_CONSTANT_CONVERSION = YES;
				CLANG_WARN_DIRECT_OBJC_ISA_USAGE = YES_ERROR;
				CLANG_WARN_EMPTY_BODY = YES;
				CLANG_WARN_ENUM_CONVERSION = YES;
				CLANG_WARN_INT_CONVERSION = YES;
				CLANG_WARN_OBJC_ROOT_CLASS = YES_ERROR;
				CLANG_WARN_UNREACHABLE_CODE = YES;
				CLANG_WARN__DUPLICATE_METHOD_MATCH = YES;
				"CODE_SIGN_IDENTITY[sdk=iphoneos*]" = "iPhone Developer";
				COPY_PHASE_STRIP = NO;
				DEBUG_INFORMATION_FORMAT = "dwarf-with-dsym";
				ENABLE_NS_ASSERTIONS = NO;
				ENABLE_STRICT_OBJC_MSGSEND = YES;
				GCC_C_LANGUAGE_STANDARD = gnu99;
				GCC_NO_COMMON_BLOCKS = YES;
				GCC_WARN_64_TO_32_BIT_CONVERSION = YES;
				GCC_WARN_ABOUT_RETURN_TYPE = YES_ERROR;
				GCC_WARN_UNDECLARED_SELECTOR = YES;
				GCC_WARN_UNINITIALIZED_AUTOS = YES_AGGRESSIVE;
				GCC_WARN_UNUSED_FUNCTION = YES;
				GCC_WARN_UNUSED_VARIABLE = YES;
				IPHONEOS_DEPLOYMENT_TARGET = 9.3;
				MTL_ENABLE_DEBUG_INFO = NO;
				SDKROOT = iphoneos;
				TARGETED_DEVICE_FAMILY = "1,2";
				VALIDATE_PRODUCT = YES;
			};
			name = Release;
		};
		8FEEAD871D58B34600D585A4 /* Debug */ = {
			isa = XCBuildConfiguration;
			baseConfigurationReference = 3979E1B65948C8301E29B570 /* Pods-Flashcards.debug.xcconfig */;
			buildSettings = {
				ASSETCATALOG_COMPILER_APPICON_NAME = AppIcon;
				CLANG_ALLOW_NON_MODULAR_INCLUDES_IN_FRAMEWORK_MODULES = YES;
				FRAMEWORK_SEARCH_PATHS = (
					"$(inherited)",
					"$(PROJECT_DIR)/FlashcardsCore/build/Debug-iphoneos",
				);
				HEADER_SEARCH_PATHS = "~/Library/j2objc-1.1/include/";
				INFOPLIST_FILE = Flashcards/Info.plist;
				LD_RUNPATH_SEARCH_PATHS = "$(inherited) @executable_path/Frameworks";
				ONLY_ACTIVE_ARCH = YES;
				PRODUCT_BUNDLE_IDENTIFIER = com.triangleleft.Flashcards;
				PRODUCT_NAME = "$(TARGET_NAME)";
			};
			name = Debug;
		};
		8FEEAD881D58B34600D585A4 /* Release */ = {
			isa = XCBuildConfiguration;
			baseConfigurationReference = 5746BADC92AD504A495FFFDE /* Pods-Flashcards.release.xcconfig */;
			buildSettings = {
				ASSETCATALOG_COMPILER_APPICON_NAME = AppIcon;
				CLANG_ALLOW_NON_MODULAR_INCLUDES_IN_FRAMEWORK_MODULES = YES;
				FRAMEWORK_SEARCH_PATHS = (
					"$(inherited)",
					"$(PROJECT_DIR)/FlashcardsCore/build/Debug-iphoneos",
				);
				HEADER_SEARCH_PATHS = "~/Library/j2objc-1.1/include/";
				INFOPLIST_FILE = Flashcards/Info.plist;
				LD_RUNPATH_SEARCH_PATHS = "$(inherited) @executable_path/Frameworks";
				ONLY_ACTIVE_ARCH = YES;
				PRODUCT_BUNDLE_IDENTIFIER = com.triangleleft.Flashcards;
				PRODUCT_NAME = "$(TARGET_NAME)";
			};
			name = Release;
		};
		8FEEAD8A1D58B34600D585A4 /* Debug */ = {
			isa = XCBuildConfiguration;
			baseConfigurationReference = 59853E250E26CEA2FA087DBE /* Pods-FlashcardsTests.debug.xcconfig */;
			buildSettings = {
				BUNDLE_LOADER = "$(TEST_HOST)";
				INFOPLIST_FILE = FlashcardsTests/Info.plist;
				LD_RUNPATH_SEARCH_PATHS = "$(inherited) @executable_path/Frameworks @loader_path/Frameworks";
				PRODUCT_BUNDLE_IDENTIFIER = com.triangleleft.FlashcardsTests;
				PRODUCT_NAME = "$(TARGET_NAME)";
				TEST_HOST = "$(BUILT_PRODUCTS_DIR)/Flashcards.app/Flashcards";
			};
			name = Debug;
		};
		8FEEAD8B1D58B34600D585A4 /* Release */ = {
			isa = XCBuildConfiguration;
			baseConfigurationReference = 88D3B64DDA9E1F8901C3470F /* Pods-FlashcardsTests.release.xcconfig */;
			buildSettings = {
				BUNDLE_LOADER = "$(TEST_HOST)";
				INFOPLIST_FILE = FlashcardsTests/Info.plist;
				LD_RUNPATH_SEARCH_PATHS = "$(inherited) @executable_path/Frameworks @loader_path/Frameworks";
				PRODUCT_BUNDLE_IDENTIFIER = com.triangleleft.FlashcardsTests;
				PRODUCT_NAME = "$(TARGET_NAME)";
				TEST_HOST = "$(BUILT_PRODUCTS_DIR)/Flashcards.app/Flashcards";
			};
			name = Release;
		};
		8FEEAD8D1D58B34600D585A4 /* Debug */ = {
			isa = XCBuildConfiguration;
			baseConfigurationReference = 314CF31B68254D419F7CA4F2 /* Pods-FlashcardsUITests.debug.xcconfig */;
			buildSettings = {
				INFOPLIST_FILE = FlashcardsUITests/Info.plist;
				LD_RUNPATH_SEARCH_PATHS = "$(inherited) @executable_path/Frameworks @loader_path/Frameworks";
				PRODUCT_BUNDLE_IDENTIFIER = com.triangleleft.FlashcardsUITests;
				PRODUCT_NAME = "$(TARGET_NAME)";
				TEST_TARGET_NAME = Flashcards;
			};
			name = Debug;
		};
		8FEEAD8E1D58B34600D585A4 /* Release */ = {
			isa = XCBuildConfiguration;
			baseConfigurationReference = 2D9B6D25CF44BB54DE649170 /* Pods-FlashcardsUITests.release.xcconfig */;
			buildSettings = {
				INFOPLIST_FILE = FlashcardsUITests/Info.plist;
				LD_RUNPATH_SEARCH_PATHS = "$(inherited) @executable_path/Frameworks @loader_path/Frameworks";
				PRODUCT_BUNDLE_IDENTIFIER = com.triangleleft.FlashcardsUITests;
				PRODUCT_NAME = "$(TARGET_NAME)";
				TEST_TARGET_NAME = Flashcards;
			};
			name = Release;
		};
/* End XCBuildConfiguration section */

/* Begin XCConfigurationList section */
		8FEEAD561D58B34500D585A4 /* Build configuration list for PBXProject "Flashcards" */ = {
			isa = XCConfigurationList;
			buildConfigurations = (
				8FEEAD841D58B34600D585A4 /* Debug */,
				8FEEAD851D58B34600D585A4 /* Release */,
			);
			defaultConfigurationIsVisible = 0;
			defaultConfigurationName = Release;
		};
		8FEEAD861D58B34600D585A4 /* Build configuration list for PBXNativeTarget "Flashcards" */ = {
			isa = XCConfigurationList;
			buildConfigurations = (
				8FEEAD871D58B34600D585A4 /* Debug */,
				8FEEAD881D58B34600D585A4 /* Release */,
			);
			defaultConfigurationIsVisible = 0;
			defaultConfigurationName = Release;
		};
		8FEEAD891D58B34600D585A4 /* Build configuration list for PBXNativeTarget "FlashcardsTests" */ = {
			isa = XCConfigurationList;
			buildConfigurations = (
				8FEEAD8A1D58B34600D585A4 /* Debug */,
				8FEEAD8B1D58B34600D585A4 /* Release */,
			);
			defaultConfigurationIsVisible = 0;
			defaultConfigurationName = Release;
		};
		8FEEAD8C1D58B34600D585A4 /* Build configuration list for PBXNativeTarget "FlashcardsUITests" */ = {
			isa = XCConfigurationList;
			buildConfigurations = (
				8FEEAD8D1D58B34600D585A4 /* Debug */,
				8FEEAD8E1D58B34600D585A4 /* Release */,
			);
			defaultConfigurationIsVisible = 0;
			defaultConfigurationName = Release;
		};
/* End XCConfigurationList section */

/* Begin XCVersionGroup section */
		8FEEAD651D58B34600D585A4 /* Flashcards.xcdatamodeld */ = {
			isa = XCVersionGroup;
			children = (
				8FEEAD661D58B34600D585A4 /* Flashcards.xcdatamodel */,
			);
			currentVersion = 8FEEAD661D58B34600D585A4 /* Flashcards.xcdatamodel */;
			path = Flashcards.xcdatamodeld;
			sourceTree = "<group>";
			versionGroupType = wrapper.xcdatamodel;
		};
/* End XCVersionGroup section */
	};
	rootObject = 8FEEAD531D58B34500D585A4 /* Project object */;
}
